
Microsoft Visual Studio Solution File, Format Version 12.00
# Visual Studio Version 17
VisualStudioVersion = 17.5.002.0
MinimumVisualStudioVersion = 10.0.40219.1
Project("{9A19103F-16F7-4668-BE54-9A1E7A4F7556}") = "RolagemDeDados", "RolagemDeDados.csproj", "{EF1D397A-09B6-489B-8BC9-455BA0C89F11}"
EndProject
Global
	GlobalSection(SolutionConfigurationPlatforms) = preSolution
		Debug|Any CPU = Debug|Any CPU
		Release|Any CPU = Release|Any CPU
	EndGlobalSection
	GlobalSection(ProjectConfigurationPlatforms) = postSolution
		{EF1D397A-09B6-489B-8BC9-455BA0C89F11}.Debug|Any CPU.ActiveCfg = Debug|Any CPU
		{EF1D397A-09B6-489B-8BC9-455BA0C89F11}.Debug|Any CPU.Build.0 = Debug|Any CPU
		{EF1D397A-09B6-489B-8BC9-455BA0C89F11}.Release|Any CPU.ActiveCfg = Release|Any CPU
		{EF1D397A-09B6-489B-8BC9-455BA0C89F11}.Release|Any CPU.Build.0 = Release|Any CPU
	EndGlobalSection
	GlobalSection(SolutionProperties) = preSolution
		HideSolutionNode = FALSE
	EndGlobalSection
	GlobalSection(ExtensibilityGlobals) = postSolution
		SolutionGuid = {6348DCC9-FAFC-403D-A7CF-058AABD10470}
	EndGlobalSection
EndGlobal
